
Microsoft Visual Studio Solution File, Format Version 12.00
# Visual Studio Version 17
VisualStudioVersion = 17.3.32825.248
MinimumVisualStudioVersion = 10.0.40219.1
Project("{FAE04EC0-301F-11D3-BF4B-00C04F79EFBC}") = "dz calc test", "dz calc test.csproj", "{12903C4B-295E-4715-82C1-386F177745CE}"
EndProject
Global
	GlobalSection(SolutionConfigurationPlatforms) = preSolution
		Debug|Any CPU = Debug|Any CPU
		Release|Any CPU = Release|Any CPU
	EndGlobalSection
	GlobalSection(ProjectConfigurationPlatforms) = postSolution
		{12903C4B-295E-4715-82C1-386F177745CE}.Debug|Any CPU.ActiveCfg = Debug|Any CPU
		{12903C4B-295E-4715-82C1-386F177745CE}.Debug|Any CPU.Build.0 = Debug|Any CPU
		{12903C4B-295E-4715-82C1-386F177745CE}.Release|Any CPU.ActiveCfg = Release|Any CPU
		{12903C4B-295E-4715-82C1-386F177745CE}.Release|Any CPU.Build.0 = Release|Any CPU
	EndGlobalSection
	GlobalSection(SolutionProperties) = preSolution
		HideSolutionNode = FALSE
	EndGlobalSection
	GlobalSection(ExtensibilityGlobals) = postSolution
		SolutionGuid = {797F7E92-A751-4716-9952-E97DD63DB676}
	EndGlobalSection
EndGlobal
